{
    "name": "@loupeteam/librarybuilderproject",
    "version": "0.2.0",
    "lockfileVersion": 3,
    "requires": true,
    "packages": {
        "": {
            "name": "@loupeteam/librarybuilderproject",
            "version": "0.2.0",
            "license": "MIT",
            "dependencies": {
                "@loupeteam/crunch": "^0.0.2",
                "@loupeteam/librarybuilderproject": "^0.3.0"
            }
        },
        "node_modules/@loupeteam/crunch": {
            "version": "0.0.2",
            "resolved": "https://npm.pkg.github.com/download/@loupeteam/crunch/0.0.2/5720cd93a2c32ed0718cdc6d514355e5fb214a7e",
            "integrity": "sha512-1MdpnpqPvM6sJd50alX7jrqQMk3NdZgcnCBM3HVPb8ooSJDIyx+R4Gfz8wt0moHEPD+TvAK6mpaJLR9y2P9J4A==",
            "license": "Loupe Software License Agreement"
        },
        "node_modules/@loupeteam/librarybuilderproject": {
            "version": "0.3.0",
            "resolved": "https://npm.pkg.github.com/download/@loupeteam/librarybuilderproject/0.3.0/9c3c1fc98350439d618573f3b465d94e3ae1e000",
            "integrity": "sha512-kUOwhpPoqQ1DikLGFBH3c8+nsb28ayX2IpQRC0UaEg34cV4GrRoI0FvkSovc3tgrGohpyvxFPRy5C6TM5wj7JA==",
            "license": "MIT"
        }
    }
}
